{
  "name": "redux-persist-default-preference",
  "version": "0.0.1",
  "lockfileVersion": 1,
  "requires": true,
  "dependencies": {
    "react-native-default-preference": {
      "version": "1.4.2",
      "resolved": "https://registry.npmjs.org/react-native-default-preference/-/react-native-default-preference-1.4.2.tgz",
      "integrity": "sha512-kNhBLv8s6kO2gJJFEKM7qew7oRvJnygjgG1CU2ZEY6SlG5qsRX8z1Ms7z1Oo/XB7fVfyXrAoZDGhIvy+uiByrg=="
    }
  }
}
